
Microsoft Visual Studio Solution File, Format Version 11.00
# Visual Studio 2010
Project("{FAE04EC0-301F-11D3-BF4B-00C04F79EFBC}") = "MainConsole", "MainConsole\MainConsole.csproj", "{A0ED2DD1-37CE-4451-8E2C-F3E8840DBEED}"
EndProject
Project("{FAE04EC0-301F-11D3-BF4B-00C04F79EFBC}") = "SimpleFactory", "SimpleFactory\SimpleFactory.csproj", "{0B6F087F-0F8B-4579-9A02-9AA896CBEF73}"
EndProject
Project("{2150E333-8FDC-42A3-9474-1A3956D46DE8}") = "0-MainShow", "0-MainShow", "{F0F80BAE-19EA-440F-8D7E-AAE4D3B29D18}"
EndProject
Project("{FAE04EC0-301F-11D3-BF4B-00C04F79EFBC}") = "Factory", "Factory\Factory.csproj", "{0DD61306-96F3-43DE-BF5A-530EC3FC9EE6}"
EndProject
Project("{FAE04EC0-301F-11D3-BF4B-00C04F79EFBC}") = "AbstractFactory", "AbstractFactory\AbstractFactory.csproj", "{774C004C-E86C-4679-ADBD-14621D1C7698}"
EndProject
Project("{FAE04EC0-301F-11D3-BF4B-00C04F79EFBC}") = "ExecuteProxy", "ExecuteProxy\ExecuteProxy.csproj", "{550E86E4-D4C8-446B-932E-64BEC71776AB}"
EndProject
Project("{FAE04EC0-301F-11D3-BF4B-00C04F79EFBC}") = "Singleton", "Singleton\Singleton.csproj", "{36177EDB-9B4F-4BD6-A99B-B4CF58CB67E0}"
EndProject
Project("{FAE04EC0-301F-11D3-BF4B-00C04F79EFBC}") = "Builder", "Builder\Builder.csproj", "{BFE88C8A-E839-40D4-8CEF-4364F592622F}"
EndProject
Project("{FAE04EC0-301F-11D3-BF4B-00C04F79EFBC}") = "Prototype", "Prototype\Prototype.csproj", "{8DF80868-AAC1-489A-8289-4699348F10D3}"
EndProject
Project("{FAE04EC0-301F-11D3-BF4B-00C04F79EFBC}") = "Bridge", "Bridge\Bridge.csproj", "{3A457356-A1FE-4A71-A59C-5ADE734E749B}"
EndProject
Project("{2150E333-8FDC-42A3-9474-1A3956D46DE8}") = "07-桥接模式", "07-桥接模式", "{273B8983-FA46-4594-919D-DFF58B7A1E96}"
EndProject
Project("{2150E333-8FDC-42A3-9474-1A3956D46DE8}") = "02-简单工厂模式", "02-简单工厂模式", "{1735E1DB-5E06-4580-952D-06037F42C4D0}"
EndProject
Project("{2150E333-8FDC-42A3-9474-1A3956D46DE8}") = "03-工厂模式", "03-工厂模式", "{B1D31527-0664-4C05-BCE2-F9194A2F5771}"
EndProject
Project("{2150E333-8FDC-42A3-9474-1A3956D46DE8}") = "04-抽象工厂模式", "04-抽象工厂模式", "{43E5B9CC-097F-4260-AAA0-05F0015DF5BE}"
EndProject
Project("{2150E333-8FDC-42A3-9474-1A3956D46DE8}") = "06-原型模式", "06-原型模式", "{6BE58E45-E24F-4F4A-B253-CF0A84E0D811}"
EndProject
Project("{2150E333-8FDC-42A3-9474-1A3956D46DE8}") = "05-建造者模式", "05-建造者模式", "{309E4148-CE34-4879-8BF2-CFD85CEB3C88}"
EndProject
Project("{2150E333-8FDC-42A3-9474-1A3956D46DE8}") = "01-单例模式", "01-单例模式", "{32A2B1A3-EC51-472E-A17D-5DEF132B77CC}"
EndProject
Project("{2150E333-8FDC-42A3-9474-1A3956D46DE8}") = "08-适配器模式", "08-适配器模式", "{240A6E7A-BAD8-4E45-8175-07E38FF004AB}"
EndProject
Project("{FAE04EC0-301F-11D3-BF4B-00C04F79EFBC}") = "Adapter", "Adapter\Adapter.csproj", "{D2358EBC-1EF4-41B7-90DA-E67497F0B74C}"
EndProject
Project("{2150E333-8FDC-42A3-9474-1A3956D46DE8}") = "09-装饰者模式", "09-装饰者模式", "{5BBAAFB2-0BB4-473E-B3CC-7ABD8143E64F}"
EndProject
Project("{2150E333-8FDC-42A3-9474-1A3956D46DE8}") = "20-策略模式", "20-策略模式", "{14861083-06B7-4825-BCC1-3E78A1B497DB}"
EndProject
Project("{2150E333-8FDC-42A3-9474-1A3956D46DE8}") = "10-组合模式", "10-组合模式", "{91E73C58-E655-4FAC-A867-AACD1A014E99}"
EndProject
Project("{2150E333-8FDC-42A3-9474-1A3956D46DE8}") = "11-外观模式", "11-外观模式", "{63336E1B-E123-4135-986A-62815FBE0FD6}"
EndProject
Project("{2150E333-8FDC-42A3-9474-1A3956D46DE8}") = "12-享元模式", "12-享元模式", "{892607F0-67BA-4B35-BFAB-0D5C6D5B49FA}"
EndProject
Project("{2150E333-8FDC-42A3-9474-1A3956D46DE8}") = "13-代理模式", "13-代理模式", "{39160CDA-3AE5-4FA5-A9E1-3CDCAC3FCA39}"
EndProject
Project("{2150E333-8FDC-42A3-9474-1A3956D46DE8}") = "14-模版方法模式", "14-模版方法模式", "{99E8DF80-7136-44BC-8E6D-05A26BA36628}"
EndProject
Project("{2150E333-8FDC-42A3-9474-1A3956D46DE8}") = "15-命令模式", "15-命令模式", "{FBD26197-8BDA-47D2-8AFF-FCA328D68C35}"
EndProject
Project("{2150E333-8FDC-42A3-9474-1A3956D46DE8}") = "16-迭代器模式", "16-迭代器模式", "{3CA990BD-1C15-444F-B272-E8464B14A6ED}"
EndProject
Project("{2150E333-8FDC-42A3-9474-1A3956D46DE8}") = "17-观察者模式", "17-观察者模式", "{17A2C546-4957-4BB2-AD6B-67351863B0B6}"
EndProject
Project("{2150E333-8FDC-42A3-9474-1A3956D46DE8}") = "18-中介者模式", "18-中介者模式", "{AC3F457E-5C60-4627-AA4B-2B35D94992F1}"
EndProject
Project("{2150E333-8FDC-42A3-9474-1A3956D46DE8}") = "19-状态模式", "19-状态模式", "{CC026E3B-2A40-4244-A68D-243769F6243A}"
EndProject
Project("{2150E333-8FDC-42A3-9474-1A3956D46DE8}") = "21-责任链模式", "21-责任链模式", "{3995C976-6545-4842-B9AF-320C52FEC446}"
EndProject
Project("{2150E333-8FDC-42A3-9474-1A3956D46DE8}") = "22-访问者模式", "22-访问者模式", "{86971ED1-BBD5-4BA4-931C-7CF7467AA650}"
EndProject
Project("{2150E333-8FDC-42A3-9474-1A3956D46DE8}") = "23-备忘录模式", "23-备忘录模式", "{715EDC10-8378-4C6A-8ADF-4F09D542E4EB}"
EndProject
Project("{FAE04EC0-301F-11D3-BF4B-00C04F79EFBC}") = "Decorator", "Decorator\Decorator.csproj", "{F1ACEA8B-2C2E-4B4D-B109-6EDBC560B9CF}"
EndProject
Project("{FAE04EC0-301F-11D3-BF4B-00C04F79EFBC}") = "Composite", "Composite\Composite.csproj", "{100F949E-8161-45B3-BD89-0129E9C2A89D}"
EndProject
Project("{FAE04EC0-301F-11D3-BF4B-00C04F79EFBC}") = "Facade", "Facade\Facade.csproj", "{57B90B03-5E55-4EE5-97B0-E6BF4E82EE81}"
EndProject
Project("{FAE04EC0-301F-11D3-BF4B-00C04F79EFBC}") = "Flyweight", "Flyweight\Flyweight.csproj", "{020DA482-73FC-42A6-9020-53654D5B6007}"
EndProject
Project("{FAE04EC0-301F-11D3-BF4B-00C04F79EFBC}") = "Proxy", "Proxy\Proxy.csproj", "{9E58E952-BF65-4CB7-854C-64004D60E70A}"
EndProject
Project("{FAE04EC0-301F-11D3-BF4B-00C04F79EFBC}") = "Template", "Template\Template.csproj", "{7E54886F-A318-4781-94D7-7E141F463A7E}"
EndProject
Project("{FAE04EC0-301F-11D3-BF4B-00C04F79EFBC}") = "Command", "Command\Command.csproj", "{39FE1272-9458-453D-820B-FF89D9DB60FC}"
EndProject
Project("{FAE04EC0-301F-11D3-BF4B-00C04F79EFBC}") = "Iterator", "Iterator\Iterator.csproj", "{AFCCD3F5-F03C-4AA1-90A6-F3D178E574DA}"
EndProject
Project("{FAE04EC0-301F-11D3-BF4B-00C04F79EFBC}") = "Observer", "Observer\Observer.csproj", "{11CFEB0B-C91F-4CAC-9053-9B1A7DA5EDFB}"
EndProject
Project("{FAE04EC0-301F-11D3-BF4B-00C04F79EFBC}") = "Mediator", "Mediator\Mediator.csproj", "{D5ED26B1-2714-4148-8E84-A63E9D83D4E7}"
EndProject
Project("{FAE04EC0-301F-11D3-BF4B-00C04F79EFBC}") = "State", "State\State.csproj", "{65366F92-EB5D-469F-8BD3-E4E7AE0B6E42}"
EndProject
Project("{FAE04EC0-301F-11D3-BF4B-00C04F79EFBC}") = "Stragety", "Stragety\Stragety.csproj", "{ECA72693-6B5D-469F-9A01-3EB716B8CB96}"
EndProject
Project("{FAE04EC0-301F-11D3-BF4B-00C04F79EFBC}") = "ChainOfResponsibility", "ChainOfResponsibility\ChainOfResponsibility.csproj", "{F330F6FE-0FBF-4B70-8D7A-EAB38700A4D2}"
EndProject
Project("{FAE04EC0-301F-11D3-BF4B-00C04F79EFBC}") = "Vistor", "Vistor\Vistor.csproj", "{3DCD615E-CA60-420F-B0BC-426B484B5943}"
EndProject
Project("{FAE04EC0-301F-11D3-BF4B-00C04F79EFBC}") = "Memento", "Memento\Memento.csproj", "{6E0A2CAF-99FD-450A-B5F2-994D4CB0BD23}"
EndProject
Project("{2150E333-8FDC-42A3-9474-1A3956D46DE8}") = "0-设计原则", "0-设计原则", "{28FD19FE-1C00-4133-8D20-46D766DF6453}"
EndProject
Project("{2150E333-8FDC-42A3-9474-1A3956D46DE8}") = "01-单一职责原则", "01-单一职责原则", "{957BC732-00E8-4F6E-A964-D99112B4C9A1}"
EndProject
Project("{2150E333-8FDC-42A3-9474-1A3956D46DE8}") = "02-开闭原则", "02-开闭原则", "{D34D55F5-E548-4C48-AFE1-6D3D644E0CA0}"
EndProject
Project("{2150E333-8FDC-42A3-9474-1A3956D46DE8}") = "03-里氏代替原则", "03-里氏代替原则", "{95FD8628-E80A-48A9-8C72-29A7CB456E9C}"
EndProject
Project("{2150E333-8FDC-42A3-9474-1A3956D46DE8}") = "04-依赖倒置原则", "04-依赖倒置原则", "{708F92DB-2E43-4F4F-8E49-99C4B848D211}"
EndProject
Project("{2150E333-8FDC-42A3-9474-1A3956D46DE8}") = "05-接口隔离原则", "05-接口隔离原则", "{11F61D36-4509-4513-83B1-4EDFBD4FCA79}"
EndProject
Project("{2150E333-8FDC-42A3-9474-1A3956D46DE8}") = "06-合成复用原则", "06-合成复用原则", "{4A356F8A-AEE0-4F05-9B0F-BABCED703813}"
EndProject
Project("{2150E333-8FDC-42A3-9474-1A3956D46DE8}") = "07-迪米特法则", "07-迪米特法则", "{F9366B2C-D8AE-4183-83B1-04A7393A0F86}"
EndProject
Project("{2150E333-8FDC-42A3-9474-1A3956D46DE8}") = "24-解释器模式", "24-解释器模式", "{A58CB731-FC87-45C6-A68C-3B39948D5AFA}"
EndProject
Project("{FAE04EC0-301F-11D3-BF4B-00C04F79EFBC}") = "InterpreterPattern", "InterpreterPattern\InterpreterPattern.csproj", "{0A1C857A-B700-4FB7-9F39-A0989A948D33}"
EndProject
Global
	GlobalSection(SolutionConfigurationPlatforms) = preSolution
		Debug|Any CPU = Debug|Any CPU
		Debug|Mixed Platforms = Debug|Mixed Platforms
		Debug|x86 = Debug|x86
		Release|Any CPU = Release|Any CPU
		Release|Mixed Platforms = Release|Mixed Platforms
		Release|x86 = Release|x86
	EndGlobalSection
	GlobalSection(ProjectConfigurationPlatforms) = postSolution
		{A0ED2DD1-37CE-4451-8E2C-F3E8840DBEED}.Debug|Any CPU.ActiveCfg = Debug|x86
		{A0ED2DD1-37CE-4451-8E2C-F3E8840DBEED}.Debug|Mixed Platforms.ActiveCfg = Debug|x86
		{A0ED2DD1-37CE-4451-8E2C-F3E8840DBEED}.Debug|Mixed Platforms.Build.0 = Debug|x86
		{A0ED2DD1-37CE-4451-8E2C-F3E8840DBEED}.Debug|x86.ActiveCfg = Debug|x86
		{A0ED2DD1-37CE-4451-8E2C-F3E8840DBEED}.Debug|x86.Build.0 = Debug|x86
		{A0ED2DD1-37CE-4451-8E2C-F3E8840DBEED}.Release|Any CPU.ActiveCfg = Release|x86
		{A0ED2DD1-37CE-4451-8E2C-F3E8840DBEED}.Release|Mixed Platforms.ActiveCfg = Release|x86
		{A0ED2DD1-37CE-4451-8E2C-F3E8840DBEED}.Release|Mixed Platforms.Build.0 = Release|x86
		{A0ED2DD1-37CE-4451-8E2C-F3E8840DBEED}.Release|x86.ActiveCfg = Release|x86
		{A0ED2DD1-37CE-4451-8E2C-F3E8840DBEED}.Release|x86.Build.0 = Release|x86
		{0B6F087F-0F8B-4579-9A02-9AA896CBEF73}.Debug|Any CPU.ActiveCfg = Debug|Any CPU
		{0B6F087F-0F8B-4579-9A02-9AA896CBEF73}.Debug|Any CPU.Build.0 = Debug|Any CPU
		{0B6F087F-0F8B-4579-9A02-9AA896CBEF73}.Debug|Mixed Platforms.ActiveCfg = Debug|Any CPU
		{0B6F087F-0F8B-4579-9A02-9AA896CBEF73}.Debug|Mixed Platforms.Build.0 = Debug|Any CPU
		{0B6F087F-0F8B-4579-9A02-9AA896CBEF73}.Debug|x86.ActiveCfg = Debug|Any CPU
		{0B6F087F-0F8B-4579-9A02-9AA896CBEF73}.Release|Any CPU.ActiveCfg = Release|Any CPU
		{0B6F087F-0F8B-4579-9A02-9AA896CBEF73}.Release|Any CPU.Build.0 = Release|Any CPU
		{0B6F087F-0F8B-4579-9A02-9AA896CBEF73}.Release|Mixed Platforms.ActiveCfg = Release|Any CPU
		{0B6F087F-0F8B-4579-9A02-9AA896CBEF73}.Release|Mixed Platforms.Build.0 = Release|Any CPU
		{0B6F087F-0F8B-4579-9A02-9AA896CBEF73}.Release|x86.ActiveCfg = Release|Any CPU
		{0DD61306-96F3-43DE-BF5A-530EC3FC9EE6}.Debug|Any CPU.ActiveCfg = Debug|Any CPU
		{0DD61306-96F3-43DE-BF5A-530EC3FC9EE6}.Debug|Any CPU.Build.0 = Debug|Any CPU
		{0DD61306-96F3-43DE-BF5A-530EC3FC9EE6}.Debug|Mixed Platforms.ActiveCfg = Debug|Any CPU
		{0DD61306-96F3-43DE-BF5A-530EC3FC9EE6}.Debug|Mixed Platforms.Build.0 = Debug|Any CPU
		{0DD61306-96F3-43DE-BF5A-530EC3FC9EE6}.Debug|x86.ActiveCfg = Debug|Any CPU
		{0DD61306-96F3-43DE-BF5A-530EC3FC9EE6}.Release|Any CPU.ActiveCfg = Release|Any CPU
		{0DD61306-96F3-43DE-BF5A-530EC3FC9EE6}.Release|Any CPU.Build.0 = Release|Any CPU
		{0DD61306-96F3-43DE-BF5A-530EC3FC9EE6}.Release|Mixed Platforms.ActiveCfg = Release|Any CPU
		{0DD61306-96F3-43DE-BF5A-530EC3FC9EE6}.Release|Mixed Platforms.Build.0 = Release|Any CPU
		{0DD61306-96F3-43DE-BF5A-530EC3FC9EE6}.Release|x86.ActiveCfg = Release|Any CPU
		{774C004C-E86C-4679-ADBD-14621D1C7698}.Debug|Any CPU.ActiveCfg = Debug|Any CPU
		{774C004C-E86C-4679-ADBD-14621D1C7698}.Debug|Any CPU.Build.0 = Debug|Any CPU
		{774C004C-E86C-4679-ADBD-14621D1C7698}.Debug|Mixed Platforms.ActiveCfg = Debug|Any CPU
		{774C004C-E86C-4679-ADBD-14621D1C7698}.Debug|Mixed Platforms.Build.0 = Debug|Any CPU
		{774C004C-E86C-4679-ADBD-14621D1C7698}.Debug|x86.ActiveCfg = Debug|Any CPU
		{774C004C-E86C-4679-ADBD-14621D1C7698}.Release|Any CPU.ActiveCfg = Release|Any CPU
		{774C004C-E86C-4679-ADBD-14621D1C7698}.Release|Any CPU.Build.0 = Release|Any CPU
		{774C004C-E86C-4679-ADBD-14621D1C7698}.Release|Mixed Platforms.ActiveCfg = Release|Any CPU
		{774C004C-E86C-4679-ADBD-14621D1C7698}.Release|Mixed Platforms.Build.0 = Release|Any CPU
		{774C004C-E86C-4679-ADBD-14621D1C7698}.Release|x86.ActiveCfg = Release|Any CPU
		{550E86E4-D4C8-446B-932E-64BEC71776AB}.Debug|Any CPU.ActiveCfg = Debug|Any CPU
		{550E86E4-D4C8-446B-932E-64BEC71776AB}.Debug|Any CPU.Build.0 = Debug|Any CPU
		{550E86E4-D4C8-446B-932E-64BEC71776AB}.Debug|Mixed Platforms.ActiveCfg = Debug|Any CPU
		{550E86E4-D4C8-446B-932E-64BEC71776AB}.Debug|Mixed Platforms.Build.0 = Debug|Any CPU
		{550E86E4-D4C8-446B-932E-64BEC71776AB}.Debug|x86.ActiveCfg = Debug|Any CPU
		{550E86E4-D4C8-446B-932E-64BEC71776AB}.Release|Any CPU.ActiveCfg = Release|Any CPU
		{550E86E4-D4C8-446B-932E-64BEC71776AB}.Release|Any CPU.Build.0 = Release|Any CPU
		{550E86E4-D4C8-446B-932E-64BEC71776AB}.Release|Mixed Platforms.ActiveCfg = Release|Any CPU
		{550E86E4-D4C8-446B-932E-64BEC71776AB}.Release|Mixed Platforms.Build.0 = Release|Any CPU
		{550E86E4-D4C8-446B-932E-64BEC71776AB}.Release|x86.ActiveCfg = Release|Any CPU
		{36177EDB-9B4F-4BD6-A99B-B4CF58CB67E0}.Debug|Any CPU.ActiveCfg = Debug|Any CPU
		{36177EDB-9B4F-4BD6-A99B-B4CF58CB67E0}.Debug|Any CPU.Build.0 = Debug|Any CPU
		{36177EDB-9B4F-4BD6-A99B-B4CF58CB67E0}.Debug|Mixed Platforms.ActiveCfg = Debug|Any CPU
		{36177EDB-9B4F-4BD6-A99B-B4CF58CB67E0}.Debug|Mixed Platforms.Build.0 = Debug|Any CPU
		{36177EDB-9B4F-4BD6-A99B-B4CF58CB67E0}.Debug|x86.ActiveCfg = Debug|Any CPU
		{36177EDB-9B4F-4BD6-A99B-B4CF58CB67E0}.Release|Any CPU.ActiveCfg = Release|Any CPU
		{36177EDB-9B4F-4BD6-A99B-B4CF58CB67E0}.Release|Any CPU.Build.0 = Release|Any CPU
		{36177EDB-9B4F-4BD6-A99B-B4CF58CB67E0}.Release|Mixed Platforms.ActiveCfg = Release|Any CPU
		{36177EDB-9B4F-4BD6-A99B-B4CF58CB67E0}.Release|Mixed Platforms.Build.0 = Release|Any CPU
		{36177EDB-9B4F-4BD6-A99B-B4CF58CB67E0}.Release|x86.ActiveCfg = Release|Any CPU
		{BFE88C8A-E839-40D4-8CEF-4364F592622F}.Debug|Any CPU.ActiveCfg = Debug|Any CPU
		{BFE88C8A-E839-40D4-8CEF-4364F592622F}.Debug|Any CPU.Build.0 = Debug|Any CPU
		{BFE88C8A-E839-40D4-8CEF-4364F592622F}.Debug|Mixed Platforms.ActiveCfg = Debug|Any CPU
		{BFE88C8A-E839-40D4-8CEF-4364F592622F}.Debug|Mixed Platforms.Build.0 = Debug|Any CPU
		{BFE88C8A-E839-40D4-8CEF-4364F592622F}.Debug|x86.ActiveCfg = Debug|Any CPU
		{BFE88C8A-E839-40D4-8CEF-4364F592622F}.Release|Any CPU.ActiveCfg = Release|Any CPU
		{BFE88C8A-E839-40D4-8CEF-4364F592622F}.Release|Any CPU.Build.0 = Release|Any CPU
		{BFE88C8A-E839-40D4-8CEF-4364F592622F}.Release|Mixed Platforms.ActiveCfg = Release|Any CPU
		{BFE88C8A-E839-40D4-8CEF-4364F592622F}.Release|Mixed Platforms.Build.0 = Release|Any CPU
		{BFE88C8A-E839-40D4-8CEF-4364F592622F}.Release|x86.ActiveCfg = Release|Any CPU
		{8DF80868-AAC1-489A-8289-4699348F10D3}.Debug|Any CPU.ActiveCfg = Debug|Any CPU
		{8DF80868-AAC1-489A-8289-4699348F10D3}.Debug|Any CPU.Build.0 = Debug|Any CPU
		{8DF80868-AAC1-489A-8289-4699348F10D3}.Debug|Mixed Platforms.ActiveCfg = Debug|Any CPU
		{8DF80868-AAC1-489A-8289-4699348F10D3}.Debug|Mixed Platforms.Build.0 = Debug|Any CPU
		{8DF80868-AAC1-489A-8289-4699348F10D3}.Debug|x86.ActiveCfg = Debug|Any CPU
		{8DF80868-AAC1-489A-8289-4699348F10D3}.Release|Any CPU.ActiveCfg = Release|Any CPU
		{8DF80868-AAC1-489A-8289-4699348F10D3}.Release|Any CPU.Build.0 = Release|Any CPU
		{8DF80868-AAC1-489A-8289-4699348F10D3}.Release|Mixed Platforms.ActiveCfg = Release|Any CPU
		{8DF80868-AAC1-489A-8289-4699348F10D3}.Release|Mixed Platforms.Build.0 = Release|Any CPU
		{8DF80868-AAC1-489A-8289-4699348F10D3}.Release|x86.ActiveCfg = Release|Any CPU
		{3A457356-A1FE-4A71-A59C-5ADE734E749B}.Debug|Any CPU.ActiveCfg = Debug|Any CPU
		{3A457356-A1FE-4A71-A59C-5ADE734E749B}.Debug|Any CPU.Build.0 = Debug|Any CPU
		{3A457356-A1FE-4A71-A59C-5ADE734E749B}.Debug|Mixed Platforms.ActiveCfg = Debug|Any CPU
		{3A457356-A1FE-4A71-A59C-5ADE734E749B}.Debug|Mixed Platforms.Build.0 = Debug|Any CPU
		{3A457356-A1FE-4A71-A59C-5ADE734E749B}.Debug|x86.ActiveCfg = Debug|Any CPU
		{3A457356-A1FE-4A71-A59C-5ADE734E749B}.Release|Any CPU.ActiveCfg = Release|Any CPU
		{3A457356-A1FE-4A71-A59C-5ADE734E749B}.Release|Any CPU.Build.0 = Release|Any CPU
		{3A457356-A1FE-4A71-A59C-5ADE734E749B}.Release|Mixed Platforms.ActiveCfg = Release|Any CPU
		{3A457356-A1FE-4A71-A59C-5ADE734E749B}.Release|Mixed Platforms.Build.0 = Release|Any CPU
		{3A457356-A1FE-4A71-A59C-5ADE734E749B}.Release|x86.ActiveCfg = Release|Any CPU
		{D2358EBC-1EF4-41B7-90DA-E67497F0B74C}.Debug|Any CPU.ActiveCfg = Debug|Any CPU
		{D2358EBC-1EF4-41B7-90DA-E67497F0B74C}.Debug|Any CPU.Build.0 = Debug|Any CPU
		{D2358EBC-1EF4-41B7-90DA-E67497F0B74C}.Debug|Mixed Platforms.ActiveCfg = Debug|Any CPU
		{D2358EBC-1EF4-41B7-90DA-E67497F0B74C}.Debug|Mixed Platforms.Build.0 = Debug|Any CPU
		{D2358EBC-1EF4-41B7-90DA-E67497F0B74C}.Debug|x86.ActiveCfg = Debug|Any CPU
		{D2358EBC-1EF4-41B7-90DA-E67497F0B74C}.Release|Any CPU.ActiveCfg = Release|Any CPU
		{D2358EBC-1EF4-41B7-90DA-E67497F0B74C}.Release|Any CPU.Build.0 = Release|Any CPU
		{D2358EBC-1EF4-41B7-90DA-E67497F0B74C}.Release|Mixed Platforms.ActiveCfg = Release|Any CPU
		{D2358EBC-1EF4-41B7-90DA-E67497F0B74C}.Release|Mixed Platforms.Build.0 = Release|Any CPU
		{D2358EBC-1EF4-41B7-90DA-E67497F0B74C}.Release|x86.ActiveCfg = Release|Any CPU
		{F1ACEA8B-2C2E-4B4D-B109-6EDBC560B9CF}.Debug|Any CPU.ActiveCfg = Debug|Any CPU
		{F1ACEA8B-2C2E-4B4D-B109-6EDBC560B9CF}.Debug|Any CPU.Build.0 = Debug|Any CPU
		{F1ACEA8B-2C2E-4B4D-B109-6EDBC560B9CF}.Debug|Mixed Platforms.ActiveCfg = Debug|Any CPU
		{F1ACEA8B-2C2E-4B4D-B109-6EDBC560B9CF}.Debug|Mixed Platforms.Build.0 = Debug|Any CPU
		{F1ACEA8B-2C2E-4B4D-B109-6EDBC560B9CF}.Debug|x86.ActiveCfg = Debug|Any CPU
		{F1ACEA8B-2C2E-4B4D-B109-6EDBC560B9CF}.Release|Any CPU.ActiveCfg = Release|Any CPU
		{F1ACEA8B-2C2E-4B4D-B109-6EDBC560B9CF}.Release|Any CPU.Build.0 = Release|Any CPU
		{F1ACEA8B-2C2E-4B4D-B109-6EDBC560B9CF}.Release|Mixed Platforms.ActiveCfg = Release|Any CPU
		{F1ACEA8B-2C2E-4B4D-B109-6EDBC560B9CF}.Release|Mixed Platforms.Build.0 = Release|Any CPU
		{F1ACEA8B-2C2E-4B4D-B109-6EDBC560B9CF}.Release|x86.ActiveCfg = Release|Any CPU
		{100F949E-8161-45B3-BD89-0129E9C2A89D}.Debug|Any CPU.ActiveCfg = Debug|Any CPU
		{100F949E-8161-45B3-BD89-0129E9C2A89D}.Debug|Any CPU.Build.0 = Debug|Any CPU
		{100F949E-8161-45B3-BD89-0129E9C2A89D}.Debug|Mixed Platforms.ActiveCfg = Debug|Any CPU
		{100F949E-8161-45B3-BD89-0129E9C2A89D}.Debug|Mixed Platforms.Build.0 = Debug|Any CPU
		{100F949E-8161-45B3-BD89-0129E9C2A89D}.Debug|x86.ActiveCfg = Debug|Any CPU
		{100F949E-8161-45B3-BD89-0129E9C2A89D}.Release|Any CPU.ActiveCfg = Release|Any CPU
		{100F949E-8161-45B3-BD89-0129E9C2A89D}.Release|Any CPU.Build.0 = Release|Any CPU
		{100F949E-8161-45B3-BD89-0129E9C2A89D}.Release|Mixed Platforms.ActiveCfg = Release|Any CPU
		{100F949E-8161-45B3-BD89-0129E9C2A89D}.Release|Mixed Platforms.Build.0 = Release|Any CPU
		{100F949E-8161-45B3-BD89-0129E9C2A89D}.Release|x86.ActiveCfg = Release|Any CPU
		{57B90B03-5E55-4EE5-97B0-E6BF4E82EE81}.Debug|Any CPU.ActiveCfg = Debug|Any CPU
		{57B90B03-5E55-4EE5-97B0-E6BF4E82EE81}.Debug|Any CPU.Build.0 = Debug|Any CPU
		{57B90B03-5E55-4EE5-97B0-E6BF4E82EE81}.Debug|Mixed Platforms.ActiveCfg = Debug|Any CPU
		{57B90B03-5E55-4EE5-97B0-E6BF4E82EE81}.Debug|Mixed Platforms.Build.0 = Debug|Any CPU
		{57B90B03-5E55-4EE5-97B0-E6BF4E82EE81}.Debug|x86.ActiveCfg = Debug|Any CPU
		{57B90B03-5E55-4EE5-97B0-E6BF4E82EE81}.Release|Any CPU.ActiveCfg = Release|Any CPU
		{57B90B03-5E55-4EE5-97B0-E6BF4E82EE81}.Release|Any CPU.Build.0 = Release|Any CPU
		{57B90B03-5E55-4EE5-97B0-E6BF4E82EE81}.Release|Mixed Platforms.ActiveCfg = Release|Any CPU
		{57B90B03-5E55-4EE5-97B0-E6BF4E82EE81}.Release|Mixed Platforms.Build.0 = Release|Any CPU
		{57B90B03-5E55-4EE5-97B0-E6BF4E82EE81}.Release|x86.ActiveCfg = Release|Any CPU
		{020DA482-73FC-42A6-9020-53654D5B6007}.Debug|Any CPU.ActiveCfg = Debug|Any CPU
		{020DA482-73FC-42A6-9020-53654D5B6007}.Debug|Any CPU.Build.0 = Debug|Any CPU
		{020DA482-73FC-42A6-9020-53654D5B6007}.Debug|Mixed Platforms.ActiveCfg = Debug|Any CPU
		{020DA482-73FC-42A6-9020-53654D5B6007}.Debug|Mixed Platforms.Build.0 = Debug|Any CPU
		{020DA482-73FC-42A6-9020-53654D5B6007}.Debug|x86.ActiveCfg = Debug|Any CPU
		{020DA482-73FC-42A6-9020-53654D5B6007}.Release|Any CPU.ActiveCfg = Release|Any CPU
		{020DA482-73FC-42A6-9020-53654D5B6007}.Release|Any CPU.Build.0 = Release|Any CPU
		{020DA482-73FC-42A6-9020-53654D5B6007}.Release|Mixed Platforms.ActiveCfg = Release|Any CPU
		{020DA482-73FC-42A6-9020-53654D5B6007}.Release|Mixed Platforms.Build.0 = Release|Any CPU
		{020DA482-73FC-42A6-9020-53654D5B6007}.Release|x86.ActiveCfg = Release|Any CPU
		{9E58E952-BF65-4CB7-854C-64004D60E70A}.Debug|Any CPU.ActiveCfg = Debug|Any CPU
		{9E58E952-BF65-4CB7-854C-64004D60E70A}.Debug|Any CPU.Build.0 = Debug|Any CPU
		{9E58E952-BF65-4CB7-854C-64004D60E70A}.Debug|Mixed Platforms.ActiveCfg = Debug|Any CPU
		{9E58E952-BF65-4CB7-854C-64004D60E70A}.Debug|Mixed Platforms.Build.0 = Debug|Any CPU
		{9E58E952-BF65-4CB7-854C-64004D60E70A}.Debug|x86.ActiveCfg = Debug|Any CPU
		{9E58E952-BF65-4CB7-854C-64004D60E70A}.Release|Any CPU.ActiveCfg = Release|Any CPU
		{9E58E952-BF65-4CB7-854C-64004D60E70A}.Release|Any CPU.Build.0 = Release|Any CPU
		{9E58E952-BF65-4CB7-854C-64004D60E70A}.Release|Mixed Platforms.ActiveCfg = Release|Any CPU
		{9E58E952-BF65-4CB7-854C-64004D60E70A}.Release|Mixed Platforms.Build.0 = Release|Any CPU
		{9E58E952-BF65-4CB7-854C-64004D60E70A}.Release|x86.ActiveCfg = Release|Any CPU
		{7E54886F-A318-4781-94D7-7E141F463A7E}.Debug|Any CPU.ActiveCfg = Debug|Any CPU
		{7E54886F-A318-4781-94D7-7E141F463A7E}.Debug|Any CPU.Build.0 = Debug|Any CPU
		{7E54886F-A318-4781-94D7-7E141F463A7E}.Debug|Mixed Platforms.ActiveCfg = Debug|Any CPU
		{7E54886F-A318-4781-94D7-7E141F463A7E}.Debug|Mixed Platforms.Build.0 = Debug|Any CPU
		{7E54886F-A318-4781-94D7-7E141F463A7E}.Debug|x86.ActiveCfg = Debug|Any CPU
		{7E54886F-A318-4781-94D7-7E141F463A7E}.Release|Any CPU.ActiveCfg = Release|Any CPU
		{7E54886F-A318-4781-94D7-7E141F463A7E}.Release|Any CPU.Build.0 = Release|Any CPU
		{7E54886F-A318-4781-94D7-7E141F463A7E}.Release|Mixed Platforms.ActiveCfg = Release|Any CPU
		{7E54886F-A318-4781-94D7-7E141F463A7E}.Release|Mixed Platforms.Build.0 = Release|Any CPU
		{7E54886F-A318-4781-94D7-7E141F463A7E}.Release|x86.ActiveCfg = Release|Any CPU
		{39FE1272-9458-453D-820B-FF89D9DB60FC}.Debug|Any CPU.ActiveCfg = Debug|Any CPU
		{39FE1272-9458-453D-820B-FF89D9DB60FC}.Debug|Any CPU.Build.0 = Debug|Any CPU
		{39FE1272-9458-453D-820B-FF89D9DB60FC}.Debug|Mixed Platforms.ActiveCfg = Debug|Any CPU
		{39FE1272-9458-453D-820B-FF89D9DB60FC}.Debug|Mixed Platforms.Build.0 = Debug|Any CPU
		{39FE1272-9458-453D-820B-FF89D9DB60FC}.Debug|x86.ActiveCfg = Debug|Any CPU
		{39FE1272-9458-453D-820B-FF89D9DB60FC}.Release|Any CPU.ActiveCfg = Release|Any CPU
		{39FE1272-9458-453D-820B-FF89D9DB60FC}.Release|Any CPU.Build.0 = Release|Any CPU
		{39FE1272-9458-453D-820B-FF89D9DB60FC}.Release|Mixed Platforms.ActiveCfg = Release|Any CPU
		{39FE1272-9458-453D-820B-FF89D9DB60FC}.Release|Mixed Platforms.Build.0 = Release|Any CPU
		{39FE1272-9458-453D-820B-FF89D9DB60FC}.Release|x86.ActiveCfg = Release|Any CPU
		{AFCCD3F5-F03C-4AA1-90A6-F3D178E574DA}.Debug|Any CPU.ActiveCfg = Debug|Any CPU
		{AFCCD3F5-F03C-4AA1-90A6-F3D178E574DA}.Debug|Any CPU.Build.0 = Debug|Any CPU
		{AFCCD3F5-F03C-4AA1-90A6-F3D178E574DA}.Debug|Mixed Platforms.ActiveCfg = Debug|Any CPU
		{AFCCD3F5-F03C-4AA1-90A6-F3D178E574DA}.Debug|Mixed Platforms.Build.0 = Debug|Any CPU
		{AFCCD3F5-F03C-4AA1-90A6-F3D178E574DA}.Debug|x86.ActiveCfg = Debug|Any CPU
		{AFCCD3F5-F03C-4AA1-90A6-F3D178E574DA}.Release|Any CPU.ActiveCfg = Release|Any CPU
		{AFCCD3F5-F03C-4AA1-90A6-F3D178E574DA}.Release|Any CPU.Build.0 = Release|Any CPU
		{AFCCD3F5-F03C-4AA1-90A6-F3D178E574DA}.Release|Mixed Platforms.ActiveCfg = Release|Any CPU
		{AFCCD3F5-F03C-4AA1-90A6-F3D178E574DA}.Release|Mixed Platforms.Build.0 = Release|Any CPU
		{AFCCD3F5-F03C-4AA1-90A6-F3D178E574DA}.Release|x86.ActiveCfg = Release|Any CPU
		{11CFEB0B-C91F-4CAC-9053-9B1A7DA5EDFB}.Debug|Any CPU.ActiveCfg = Debug|Any CPU
		{11CFEB0B-C91F-4CAC-9053-9B1A7DA5EDFB}.Debug|Any CPU.Build.0 = Debug|Any CPU
		{11CFEB0B-C91F-4CAC-9053-9B1A7DA5EDFB}.Debug|Mixed Platforms.ActiveCfg = Debug|Any CPU
		{11CFEB0B-C91F-4CAC-9053-9B1A7DA5EDFB}.Debug|Mixed Platforms.Build.0 = Debug|Any CPU
		{11CFEB0B-C91F-4CAC-9053-9B1A7DA5EDFB}.Debug|x86.ActiveCfg = Debug|Any CPU
		{11CFEB0B-C91F-4CAC-9053-9B1A7DA5EDFB}.Release|Any CPU.ActiveCfg = Release|Any CPU
		{11CFEB0B-C91F-4CAC-9053-9B1A7DA5EDFB}.Release|Any CPU.Build.0 = Release|Any CPU
		{11CFEB0B-C91F-4CAC-9053-9B1A7DA5EDFB}.Release|Mixed Platforms.ActiveCfg = Release|Any CPU
		{11CFEB0B-C91F-4CAC-9053-9B1A7DA5EDFB}.Release|Mixed Platforms.Build.0 = Release|Any CPU
		{11CFEB0B-C91F-4CAC-9053-9B1A7DA5EDFB}.Release|x86.ActiveCfg = Release|Any CPU
		{D5ED26B1-2714-4148-8E84-A63E9D83D4E7}.Debug|Any CPU.ActiveCfg = Debug|Any CPU
		{D5ED26B1-2714-4148-8E84-A63E9D83D4E7}.Debug|Any CPU.Build.0 = Debug|Any CPU
		{D5ED26B1-2714-4148-8E84-A63E9D83D4E7}.Debug|Mixed Platforms.ActiveCfg = Debug|Any CPU
		{D5ED26B1-2714-4148-8E84-A63E9D83D4E7}.Debug|Mixed Platforms.Build.0 = Debug|Any CPU
		{D5ED26B1-2714-4148-8E84-A63E9D83D4E7}.Debug|x86.ActiveCfg = Debug|Any CPU
		{D5ED26B1-2714-4148-8E84-A63E9D83D4E7}.Release|Any CPU.ActiveCfg = Release|Any CPU
		{D5ED26B1-2714-4148-8E84-A63E9D83D4E7}.Release|Any CPU.Build.0 = Release|Any CPU
		{D5ED26B1-2714-4148-8E84-A63E9D83D4E7}.Release|Mixed Platforms.ActiveCfg = Release|Any CPU
		{D5ED26B1-2714-4148-8E84-A63E9D83D4E7}.Release|Mixed Platforms.Build.0 = Release|Any CPU
		{D5ED26B1-2714-4148-8E84-A63E9D83D4E7}.Release|x86.ActiveCfg = Release|Any CPU
		{65366F92-EB5D-469F-8BD3-E4E7AE0B6E42}.Debug|Any CPU.ActiveCfg = Debug|Any CPU
		{65366F92-EB5D-469F-8BD3-E4E7AE0B6E42}.Debug|Any CPU.Build.0 = Debug|Any CPU
		{65366F92-EB5D-469F-8BD3-E4E7AE0B6E42}.Debug|Mixed Platforms.ActiveCfg = Debug|Any CPU
		{65366F92-EB5D-469F-8BD3-E4E7AE0B6E42}.Debug|Mixed Platforms.Build.0 = Debug|Any CPU
		{65366F92-EB5D-469F-8BD3-E4E7AE0B6E42}.Debug|x86.ActiveCfg = Debug|Any CPU
		{65366F92-EB5D-469F-8BD3-E4E7AE0B6E42}.Release|Any CPU.ActiveCfg = Release|Any CPU
		{65366F92-EB5D-469F-8BD3-E4E7AE0B6E42}.Release|Any CPU.Build.0 = Release|Any CPU
		{65366F92-EB5D-469F-8BD3-E4E7AE0B6E42}.Release|Mixed Platforms.ActiveCfg = Release|Any CPU
		{65366F92-EB5D-469F-8BD3-E4E7AE0B6E42}.Release|Mixed Platforms.Build.0 = Release|Any CPU
		{65366F92-EB5D-469F-8BD3-E4E7AE0B6E42}.Release|x86.ActiveCfg = Release|Any CPU
		{ECA72693-6B5D-469F-9A01-3EB716B8CB96}.Debug|Any CPU.ActiveCfg = Debug|Any CPU
		{ECA72693-6B5D-469F-9A01-3EB716B8CB96}.Debug|Any CPU.Build.0 = Debug|Any CPU
		{ECA72693-6B5D-469F-9A01-3EB716B8CB96}.Debug|Mixed Platforms.ActiveCfg = Debug|Any CPU
		{ECA72693-6B5D-469F-9A01-3EB716B8CB96}.Debug|Mixed Platforms.Build.0 = Debug|Any CPU
		{ECA72693-6B5D-469F-9A01-3EB716B8CB96}.Debug|x86.ActiveCfg = Debug|Any CPU
		{ECA72693-6B5D-469F-9A01-3EB716B8CB96}.Release|Any CPU.ActiveCfg = Release|Any CPU
		{ECA72693-6B5D-469F-9A01-3EB716B8CB96}.Release|Any CPU.Build.0 = Release|Any CPU
		{ECA72693-6B5D-469F-9A01-3EB716B8CB96}.Release|Mixed Platforms.ActiveCfg = Release|Any CPU
		{ECA72693-6B5D-469F-9A01-3EB716B8CB96}.Release|Mixed Platforms.Build.0 = Release|Any CPU
		{ECA72693-6B5D-469F-9A01-3EB716B8CB96}.Release|x86.ActiveCfg = Release|Any CPU
		{F330F6FE-0FBF-4B70-8D7A-EAB38700A4D2}.Debug|Any CPU.ActiveCfg = Debug|Any CPU
		{F330F6FE-0FBF-4B70-8D7A-EAB38700A4D2}.Debug|Any CPU.Build.0 = Debug|Any CPU
		{F330F6FE-0FBF-4B70-8D7A-EAB38700A4D2}.Debug|Mixed Platforms.ActiveCfg = Debug|Any CPU
		{F330F6FE-0FBF-4B70-8D7A-EAB38700A4D2}.Debug|Mixed Platforms.Build.0 = Debug|Any CPU
		{F330F6FE-0FBF-4B70-8D7A-EAB38700A4D2}.Debug|x86.ActiveCfg = Debug|Any CPU
		{F330F6FE-0FBF-4B70-8D7A-EAB38700A4D2}.Release|Any CPU.ActiveCfg = Release|Any CPU
		{F330F6FE-0FBF-4B70-8D7A-EAB38700A4D2}.Release|Any CPU.Build.0 = Release|Any CPU
		{F330F6FE-0FBF-4B70-8D7A-EAB38700A4D2}.Release|Mixed Platforms.ActiveCfg = Release|Any CPU
		{F330F6FE-0FBF-4B70-8D7A-EAB38700A4D2}.Release|Mixed Platforms.Build.0 = Release|Any CPU
		{F330F6FE-0FBF-4B70-8D7A-EAB38700A4D2}.Release|x86.ActiveCfg = Release|Any CPU
		{3DCD615E-CA60-420F-B0BC-426B484B5943}.Debug|Any CPU.ActiveCfg = Debug|Any CPU
		{3DCD615E-CA60-420F-B0BC-426B484B5943}.Debug|Any CPU.Build.0 = Debug|Any CPU
		{3DCD615E-CA60-420F-B0BC-426B484B5943}.Debug|Mixed Platforms.ActiveCfg = Debug|Any CPU
		{3DCD615E-CA60-420F-B0BC-426B484B5943}.Debug|Mixed Platforms.Build.0 = Debug|Any CPU
		{3DCD615E-CA60-420F-B0BC-426B484B5943}.Debug|x86.ActiveCfg = Debug|Any CPU
		{3DCD615E-CA60-420F-B0BC-426B484B5943}.Release|Any CPU.ActiveCfg = Release|Any CPU
		{3DCD615E-CA60-420F-B0BC-426B484B5943}.Release|Any CPU.Build.0 = Release|Any CPU
		{3DCD615E-CA60-420F-B0BC-426B484B5943}.Release|Mixed Platforms.ActiveCfg = Release|Any CPU
		{3DCD615E-CA60-420F-B0BC-426B484B5943}.Release|Mixed Platforms.Build.0 = Release|Any CPU
		{3DCD615E-CA60-420F-B0BC-426B484B5943}.Release|x86.ActiveCfg = Release|Any CPU
		{6E0A2CAF-99FD-450A-B5F2-994D4CB0BD23}.Debug|Any CPU.ActiveCfg = Debug|Any CPU
		{6E0A2CAF-99FD-450A-B5F2-994D4CB0BD23}.Debug|Any CPU.Build.0 = Debug|Any CPU
		{6E0A2CAF-99FD-450A-B5F2-994D4CB0BD23}.Debug|Mixed Platforms.ActiveCfg = Debug|Any CPU
		{6E0A2CAF-99FD-450A-B5F2-994D4CB0BD23}.Debug|Mixed Platforms.Build.0 = Debug|Any CPU
		{6E0A2CAF-99FD-450A-B5F2-994D4CB0BD23}.Debug|x86.ActiveCfg = Debug|Any CPU
		{6E0A2CAF-99FD-450A-B5F2-994D4CB0BD23}.Release|Any CPU.ActiveCfg = Release|Any CPU
		{6E0A2CAF-99FD-450A-B5F2-994D4CB0BD23}.Release|Any CPU.Build.0 = Release|Any CPU
		{6E0A2CAF-99FD-450A-B5F2-994D4CB0BD23}.Release|Mixed Platforms.ActiveCfg = Release|Any CPU
		{6E0A2CAF-99FD-450A-B5F2-994D4CB0BD23}.Release|Mixed Platforms.Build.0 = Release|Any CPU
		{6E0A2CAF-99FD-450A-B5F2-994D4CB0BD23}.Release|x86.ActiveCfg = Release|Any CPU
		{0A1C857A-B700-4FB7-9F39-A0989A948D33}.Debug|Any CPU.ActiveCfg = Debug|Any CPU
		{0A1C857A-B700-4FB7-9F39-A0989A948D33}.Debug|Any CPU.Build.0 = Debug|Any CPU
		{0A1C857A-B700-4FB7-9F39-A0989A948D33}.Debug|Mixed Platforms.ActiveCfg = Debug|Any CPU
		{0A1C857A-B700-4FB7-9F39-A0989A948D33}.Debug|Mixed Platforms.Build.0 = Debug|Any CPU
		{0A1C857A-B700-4FB7-9F39-A0989A948D33}.Debug|x86.ActiveCfg = Debug|Any CPU
		{0A1C857A-B700-4FB7-9F39-A0989A948D33}.Release|Any CPU.ActiveCfg = Release|Any CPU
		{0A1C857A-B700-4FB7-9F39-A0989A948D33}.Release|Any CPU.Build.0 = Release|Any CPU
		{0A1C857A-B700-4FB7-9F39-A0989A948D33}.Release|Mixed Platforms.ActiveCfg = Release|Any CPU
		{0A1C857A-B700-4FB7-9F39-A0989A948D33}.Release|Mixed Platforms.Build.0 = Release|Any CPU
		{0A1C857A-B700-4FB7-9F39-A0989A948D33}.Release|x86.ActiveCfg = Release|Any CPU
	EndGlobalSection
	GlobalSection(SolutionProperties) = preSolution
		HideSolutionNode = FALSE
	EndGlobalSection
	GlobalSection(NestedProjects) = preSolution
		{A0ED2DD1-37CE-4451-8E2C-F3E8840DBEED} = {F0F80BAE-19EA-440F-8D7E-AAE4D3B29D18}
		{550E86E4-D4C8-446B-932E-64BEC71776AB} = {F0F80BAE-19EA-440F-8D7E-AAE4D3B29D18}
		{0B6F087F-0F8B-4579-9A02-9AA896CBEF73} = {1735E1DB-5E06-4580-952D-06037F42C4D0}
		{0DD61306-96F3-43DE-BF5A-530EC3FC9EE6} = {B1D31527-0664-4C05-BCE2-F9194A2F5771}
		{774C004C-E86C-4679-ADBD-14621D1C7698} = {43E5B9CC-097F-4260-AAA0-05F0015DF5BE}
		{36177EDB-9B4F-4BD6-A99B-B4CF58CB67E0} = {32A2B1A3-EC51-472E-A17D-5DEF132B77CC}
		{BFE88C8A-E839-40D4-8CEF-4364F592622F} = {309E4148-CE34-4879-8BF2-CFD85CEB3C88}
		{8DF80868-AAC1-489A-8289-4699348F10D3} = {6BE58E45-E24F-4F4A-B253-CF0A84E0D811}
		{3A457356-A1FE-4A71-A59C-5ADE734E749B} = {273B8983-FA46-4594-919D-DFF58B7A1E96}
		{D2358EBC-1EF4-41B7-90DA-E67497F0B74C} = {240A6E7A-BAD8-4E45-8175-07E38FF004AB}
		{F1ACEA8B-2C2E-4B4D-B109-6EDBC560B9CF} = {5BBAAFB2-0BB4-473E-B3CC-7ABD8143E64F}
		{ECA72693-6B5D-469F-9A01-3EB716B8CB96} = {14861083-06B7-4825-BCC1-3E78A1B497DB}
		{100F949E-8161-45B3-BD89-0129E9C2A89D} = {91E73C58-E655-4FAC-A867-AACD1A014E99}
		{57B90B03-5E55-4EE5-97B0-E6BF4E82EE81} = {63336E1B-E123-4135-986A-62815FBE0FD6}
		{020DA482-73FC-42A6-9020-53654D5B6007} = {892607F0-67BA-4B35-BFAB-0D5C6D5B49FA}
		{9E58E952-BF65-4CB7-854C-64004D60E70A} = {39160CDA-3AE5-4FA5-A9E1-3CDCAC3FCA39}
		{7E54886F-A318-4781-94D7-7E141F463A7E} = {99E8DF80-7136-44BC-8E6D-05A26BA36628}
		{39FE1272-9458-453D-820B-FF89D9DB60FC} = {FBD26197-8BDA-47D2-8AFF-FCA328D68C35}
		{AFCCD3F5-F03C-4AA1-90A6-F3D178E574DA} = {3CA990BD-1C15-444F-B272-E8464B14A6ED}
		{11CFEB0B-C91F-4CAC-9053-9B1A7DA5EDFB} = {17A2C546-4957-4BB2-AD6B-67351863B0B6}
		{D5ED26B1-2714-4148-8E84-A63E9D83D4E7} = {AC3F457E-5C60-4627-AA4B-2B35D94992F1}
		{65366F92-EB5D-469F-8BD3-E4E7AE0B6E42} = {CC026E3B-2A40-4244-A68D-243769F6243A}
		{F330F6FE-0FBF-4B70-8D7A-EAB38700A4D2} = {3995C976-6545-4842-B9AF-320C52FEC446}
		{3DCD615E-CA60-420F-B0BC-426B484B5943} = {86971ED1-BBD5-4BA4-931C-7CF7467AA650}
		{6E0A2CAF-99FD-450A-B5F2-994D4CB0BD23} = {715EDC10-8378-4C6A-8ADF-4F09D542E4EB}
		{957BC732-00E8-4F6E-A964-D99112B4C9A1} = {28FD19FE-1C00-4133-8D20-46D766DF6453}
		{D34D55F5-E548-4C48-AFE1-6D3D644E0CA0} = {28FD19FE-1C00-4133-8D20-46D766DF6453}
		{95FD8628-E80A-48A9-8C72-29A7CB456E9C} = {28FD19FE-1C00-4133-8D20-46D766DF6453}
		{708F92DB-2E43-4F4F-8E49-99C4B848D211} = {28FD19FE-1C00-4133-8D20-46D766DF6453}
		{11F61D36-4509-4513-83B1-4EDFBD4FCA79} = {28FD19FE-1C00-4133-8D20-46D766DF6453}
		{4A356F8A-AEE0-4F05-9B0F-BABCED703813} = {28FD19FE-1C00-4133-8D20-46D766DF6453}
		{F9366B2C-D8AE-4183-83B1-04A7393A0F86} = {28FD19FE-1C00-4133-8D20-46D766DF6453}
		{0A1C857A-B700-4FB7-9F39-A0989A948D33} = {A58CB731-FC87-45C6-A68C-3B39948D5AFA}
	EndGlobalSection
EndGlobal
